
Microsoft Visual Studio Solution File, Format Version 12.00
# Visual Studio Version 16
VisualStudioVersion = 16.0.30225.117
MinimumVisualStudioVersion = 10.0.40219.1
Project("{8BC9CEB8-8B4A-11D0-8D11-00A0C91BC942}") = "ets2-telem-vicky", "ets2-telem-vicky\ets2-telem-vicky.vcxproj", "{139C4FF2-FB08-4DF8-BC31-74EA80AB4BB1}"
EndProject
Global
	GlobalSection(SolutionConfigurationPlatforms) = preSolution
		Debug|x64 = Debug|x64
		Debug|x86 = Debug|x86
		Release|x64 = Release|x64
		Release|x86 = Release|x86
	EndGlobalSection
	GlobalSection(ProjectConfigurationPlatforms) = postSolution
		{139C4FF2-FB08-4DF8-BC31-74EA80AB4BB1}.Debug|x64.ActiveCfg = Debug|x64
		{139C4FF2-FB08-4DF8-BC31-74EA80AB4BB1}.Debug|x64.Build.0 = Debug|x64
		{139C4FF2-FB08-4DF8-BC31-74EA80AB4BB1}.Debug|x86.ActiveCfg = Debug|Win32
		{139C4FF2-FB08-4DF8-BC31-74EA80AB4BB1}.Debug|x86.Build.0 = Debug|Win32
		{139C4FF2-FB08-4DF8-BC31-74EA80AB4BB1}.Release|x64.ActiveCfg = Release|x64
		{139C4FF2-FB08-4DF8-BC31-74EA80AB4BB1}.Release|x64.Build.0 = Release|x64
		{139C4FF2-FB08-4DF8-BC31-74EA80AB4BB1}.Release|x86.ActiveCfg = Release|Win32
		{139C4FF2-FB08-4DF8-BC31-74EA80AB4BB1}.Release|x86.Build.0 = Release|Win32
	EndGlobalSection
	GlobalSection(SolutionProperties) = preSolution
		HideSolutionNode = FALSE
	EndGlobalSection
	GlobalSection(ExtensibilityGlobals) = postSolution
		SolutionGuid = {0CE200EB-7ADA-42CD-B5B6-BE4AB9DC993E}
	EndGlobalSection
EndGlobal
